
Microsoft Visual Studio Solution File, Format Version 12.00
# Visual Studio Version 17
VisualStudioVersion = 17.4.33213.308
MinimumVisualStudioVersion = 10.0.40219.1
Project("{FAE04EC0-301F-11D3-BF4B-00C04F79EFBC}") = "J4JMapLibrary", "J4JMapLibrary\J4JMapLibrary.csproj", "{56BA9329-81E8-4D81-8A61-7B991042C913}"
EndProject
Project("{2150E333-8FDC-42A3-9474-1A3956D46DE8}") = "external", "external", "{6808BDD2-C188-4ED8-89F7-51797F8F2F6B}"
EndProject
Project("{9A19103F-16F7-4668-BE54-9A1E7A4F7556}") = "J4JLogging", "..\J4JLogging\J4JLogging\J4JLogging.csproj", "{27215AFF-CEF1-4800-8454-63E378CC7AB0}"
EndProject
Global
	GlobalSection(SolutionConfigurationPlatforms) = preSolution
		Debug|Any CPU = Debug|Any CPU
		Release|Any CPU = Release|Any CPU
	EndGlobalSection
	GlobalSection(ProjectConfigurationPlatforms) = postSolution
		{56BA9329-81E8-4D81-8A61-7B991042C913}.Debug|Any CPU.ActiveCfg = Debug|Any CPU
		{56BA9329-81E8-4D81-8A61-7B991042C913}.Debug|Any CPU.Build.0 = Debug|Any CPU
		{56BA9329-81E8-4D81-8A61-7B991042C913}.Release|Any CPU.ActiveCfg = Release|Any CPU
		{56BA9329-81E8-4D81-8A61-7B991042C913}.Release|Any CPU.Build.0 = Release|Any CPU
		{27215AFF-CEF1-4800-8454-63E378CC7AB0}.Debug|Any CPU.ActiveCfg = Debug|Any CPU
		{27215AFF-CEF1-4800-8454-63E378CC7AB0}.Debug|Any CPU.Build.0 = Debug|Any CPU
		{27215AFF-CEF1-4800-8454-63E378CC7AB0}.Release|Any CPU.ActiveCfg = Release|Any CPU
		{27215AFF-CEF1-4800-8454-63E378CC7AB0}.Release|Any CPU.Build.0 = Release|Any CPU
	EndGlobalSection
	GlobalSection(SolutionProperties) = preSolution
		HideSolutionNode = FALSE
	EndGlobalSection
	GlobalSection(NestedProjects) = preSolution
		{27215AFF-CEF1-4800-8454-63E378CC7AB0} = {6808BDD2-C188-4ED8-89F7-51797F8F2F6B}
	EndGlobalSection
	GlobalSection(ExtensibilityGlobals) = postSolution
		SolutionGuid = {1D0A0BA2-7F26-4383-B1C6-551D64655A68}
	EndGlobalSection
EndGlobal
