
Microsoft Visual Studio Solution File, Format Version 12.00
# Visual Studio Version 17
VisualStudioVersion = 17.4.33213.308
MinimumVisualStudioVersion = 10.0.40219.1
Project("{9A19103F-16F7-4668-BE54-9A1E7A4F7556}") = "J4JMapLibrary", "J4JMapLibrary\J4JMapLibrary.csproj", "{56BA9329-81E8-4D81-8A61-7B991042C913}"
EndProject
Project("{2150E333-8FDC-42A3-9474-1A3956D46DE8}") = "external", "external", "{6808BDD2-C188-4ED8-89F7-51797F8F2F6B}"
EndProject
Project("{2150E333-8FDC-42A3-9474-1A3956D46DE8}") = "tests", "tests", "{DAD30E4E-142A-458E-BC22-84BE6D00026B}"
EndProject
Project("{9A19103F-16F7-4668-BE54-9A1E7A4F7556}") = "DependencyInjection", "..\ProgrammingUtilities\DependencyInjection\DependencyInjection.csproj", "{EBDF0EF3-3435-418A-8233-AF8606624F62}"
EndProject
Project("{9A19103F-16F7-4668-BE54-9A1E7A4F7556}") = "MapLibTests", "MapLibTests\MapLibTests.csproj", "{33C2A734-4EF9-47A9-91A0-ED64E04C001D}"
EndProject
Project("{9A19103F-16F7-4668-BE54-9A1E7A4F7556}") = "DeusEx", "..\ProgrammingUtilities\DeusEx\DeusEx.csproj", "{B338520A-17B6-4D7F-B5AA-F290DBD01949}"
EndProject
Project("{9A19103F-16F7-4668-BE54-9A1E7A4F7556}") = "TypeUtilities", "..\ProgrammingUtilities\TypeUtilities\TypeUtilities.csproj", "{0D22B6D9-D0D1-466C-A07F-D6EBCCB17B4E}"
EndProject
Project("{9A19103F-16F7-4668-BE54-9A1E7A4F7556}") = "VisualUtilities", "..\ProgrammingUtilities\VisualUtilities\VisualUtilities.csproj", "{821EDCAA-4380-4563-AF13-F132F7800B2E}"
EndProject
Project("{9A19103F-16F7-4668-BE54-9A1E7A4F7556}") = "J4JMapWinLibrary", "J4JMapWinLibrary\J4JMapWinLibrary.csproj", "{0AFFBB05-1AC9-4C95-9A89-E1574814A016}"
EndProject
Project("{9A19103F-16F7-4668-BE54-9A1E7A4F7556}") = "WindowsAppUtilities", "..\ProgrammingUtilities\WindowsAppUtilities\WindowsAppUtilities.csproj", "{8E25214E-9248-4FDF-9FED-F50C5DC3504D}"
EndProject
Project("{9A19103F-16F7-4668-BE54-9A1E7A4F7556}") = "WinAppTest", "WinAppTest\WinAppTest.csproj", "{94746227-446B-40ED-8D6D-6E7F99B78057}"
EndProject
Global
	GlobalSection(SolutionConfigurationPlatforms) = preSolution
		Debug|Any CPU = Debug|Any CPU
		Debug|ARM64 = Debug|ARM64
		Debug|x64 = Debug|x64
		Debug|x86 = Debug|x86
		Release|Any CPU = Release|Any CPU
		Release|ARM64 = Release|ARM64
		Release|x64 = Release|x64
		Release|x86 = Release|x86
	EndGlobalSection
	GlobalSection(ProjectConfigurationPlatforms) = postSolution
		{56BA9329-81E8-4D81-8A61-7B991042C913}.Debug|Any CPU.ActiveCfg = Debug|Any CPU
		{56BA9329-81E8-4D81-8A61-7B991042C913}.Debug|Any CPU.Build.0 = Debug|Any CPU
		{56BA9329-81E8-4D81-8A61-7B991042C913}.Debug|ARM64.ActiveCfg = Debug|Any CPU
		{56BA9329-81E8-4D81-8A61-7B991042C913}.Debug|ARM64.Build.0 = Debug|Any CPU
		{56BA9329-81E8-4D81-8A61-7B991042C913}.Debug|x64.ActiveCfg = Debug|Any CPU
		{56BA9329-81E8-4D81-8A61-7B991042C913}.Debug|x64.Build.0 = Debug|Any CPU
		{56BA9329-81E8-4D81-8A61-7B991042C913}.Debug|x86.ActiveCfg = Debug|Any CPU
		{56BA9329-81E8-4D81-8A61-7B991042C913}.Debug|x86.Build.0 = Debug|Any CPU
		{56BA9329-81E8-4D81-8A61-7B991042C913}.Release|Any CPU.ActiveCfg = Release|Any CPU
		{56BA9329-81E8-4D81-8A61-7B991042C913}.Release|Any CPU.Build.0 = Release|Any CPU
		{56BA9329-81E8-4D81-8A61-7B991042C913}.Release|ARM64.ActiveCfg = Release|Any CPU
		{56BA9329-81E8-4D81-8A61-7B991042C913}.Release|ARM64.Build.0 = Release|Any CPU
		{56BA9329-81E8-4D81-8A61-7B991042C913}.Release|x64.ActiveCfg = Release|Any CPU
		{56BA9329-81E8-4D81-8A61-7B991042C913}.Release|x64.Build.0 = Release|Any CPU
		{56BA9329-81E8-4D81-8A61-7B991042C913}.Release|x86.ActiveCfg = Release|Any CPU
		{56BA9329-81E8-4D81-8A61-7B991042C913}.Release|x86.Build.0 = Release|Any CPU
		{EBDF0EF3-3435-418A-8233-AF8606624F62}.Debug|Any CPU.ActiveCfg = Debug|Any CPU
		{EBDF0EF3-3435-418A-8233-AF8606624F62}.Debug|Any CPU.Build.0 = Debug|Any CPU
		{EBDF0EF3-3435-418A-8233-AF8606624F62}.Debug|ARM64.ActiveCfg = Debug|Any CPU
		{EBDF0EF3-3435-418A-8233-AF8606624F62}.Debug|ARM64.Build.0 = Debug|Any CPU
		{EBDF0EF3-3435-418A-8233-AF8606624F62}.Debug|x64.ActiveCfg = Debug|Any CPU
		{EBDF0EF3-3435-418A-8233-AF8606624F62}.Debug|x64.Build.0 = Debug|Any CPU
		{EBDF0EF3-3435-418A-8233-AF8606624F62}.Debug|x86.ActiveCfg = Debug|Any CPU
		{EBDF0EF3-3435-418A-8233-AF8606624F62}.Debug|x86.Build.0 = Debug|Any CPU
		{EBDF0EF3-3435-418A-8233-AF8606624F62}.Release|Any CPU.ActiveCfg = Release|Any CPU
		{EBDF0EF3-3435-418A-8233-AF8606624F62}.Release|Any CPU.Build.0 = Release|Any CPU
		{EBDF0EF3-3435-418A-8233-AF8606624F62}.Release|ARM64.ActiveCfg = Release|Any CPU
		{EBDF0EF3-3435-418A-8233-AF8606624F62}.Release|ARM64.Build.0 = Release|Any CPU
		{EBDF0EF3-3435-418A-8233-AF8606624F62}.Release|x64.ActiveCfg = Release|Any CPU
		{EBDF0EF3-3435-418A-8233-AF8606624F62}.Release|x64.Build.0 = Release|Any CPU
		{EBDF0EF3-3435-418A-8233-AF8606624F62}.Release|x86.ActiveCfg = Release|Any CPU
		{EBDF0EF3-3435-418A-8233-AF8606624F62}.Release|x86.Build.0 = Release|Any CPU
		{33C2A734-4EF9-47A9-91A0-ED64E04C001D}.Debug|Any CPU.ActiveCfg = Debug|Any CPU
		{33C2A734-4EF9-47A9-91A0-ED64E04C001D}.Debug|Any CPU.Build.0 = Debug|Any CPU
		{33C2A734-4EF9-47A9-91A0-ED64E04C001D}.Debug|ARM64.ActiveCfg = Debug|Any CPU
		{33C2A734-4EF9-47A9-91A0-ED64E04C001D}.Debug|ARM64.Build.0 = Debug|Any CPU
		{33C2A734-4EF9-47A9-91A0-ED64E04C001D}.Debug|x64.ActiveCfg = Debug|Any CPU
		{33C2A734-4EF9-47A9-91A0-ED64E04C001D}.Debug|x64.Build.0 = Debug|Any CPU
		{33C2A734-4EF9-47A9-91A0-ED64E04C001D}.Debug|x86.ActiveCfg = Debug|Any CPU
		{33C2A734-4EF9-47A9-91A0-ED64E04C001D}.Debug|x86.Build.0 = Debug|Any CPU
		{33C2A734-4EF9-47A9-91A0-ED64E04C001D}.Release|Any CPU.ActiveCfg = Release|Any CPU
		{33C2A734-4EF9-47A9-91A0-ED64E04C001D}.Release|Any CPU.Build.0 = Release|Any CPU
		{33C2A734-4EF9-47A9-91A0-ED64E04C001D}.Release|ARM64.ActiveCfg = Release|Any CPU
		{33C2A734-4EF9-47A9-91A0-ED64E04C001D}.Release|ARM64.Build.0 = Release|Any CPU
		{33C2A734-4EF9-47A9-91A0-ED64E04C001D}.Release|x64.ActiveCfg = Release|Any CPU
		{33C2A734-4EF9-47A9-91A0-ED64E04C001D}.Release|x64.Build.0 = Release|Any CPU
		{33C2A734-4EF9-47A9-91A0-ED64E04C001D}.Release|x86.ActiveCfg = Release|Any CPU
		{33C2A734-4EF9-47A9-91A0-ED64E04C001D}.Release|x86.Build.0 = Release|Any CPU
		{B338520A-17B6-4D7F-B5AA-F290DBD01949}.Debug|Any CPU.ActiveCfg = Debug|Any CPU
		{B338520A-17B6-4D7F-B5AA-F290DBD01949}.Debug|Any CPU.Build.0 = Debug|Any CPU
		{B338520A-17B6-4D7F-B5AA-F290DBD01949}.Debug|ARM64.ActiveCfg = Debug|Any CPU
		{B338520A-17B6-4D7F-B5AA-F290DBD01949}.Debug|ARM64.Build.0 = Debug|Any CPU
		{B338520A-17B6-4D7F-B5AA-F290DBD01949}.Debug|x64.ActiveCfg = Debug|Any CPU
		{B338520A-17B6-4D7F-B5AA-F290DBD01949}.Debug|x64.Build.0 = Debug|Any CPU
		{B338520A-17B6-4D7F-B5AA-F290DBD01949}.Debug|x86.ActiveCfg = Debug|Any CPU
		{B338520A-17B6-4D7F-B5AA-F290DBD01949}.Debug|x86.Build.0 = Debug|Any CPU
		{B338520A-17B6-4D7F-B5AA-F290DBD01949}.Release|Any CPU.ActiveCfg = Release|Any CPU
		{B338520A-17B6-4D7F-B5AA-F290DBD01949}.Release|Any CPU.Build.0 = Release|Any CPU
		{B338520A-17B6-4D7F-B5AA-F290DBD01949}.Release|ARM64.ActiveCfg = Release|Any CPU
		{B338520A-17B6-4D7F-B5AA-F290DBD01949}.Release|ARM64.Build.0 = Release|Any CPU
		{B338520A-17B6-4D7F-B5AA-F290DBD01949}.Release|x64.ActiveCfg = Release|Any CPU
		{B338520A-17B6-4D7F-B5AA-F290DBD01949}.Release|x64.Build.0 = Release|Any CPU
		{B338520A-17B6-4D7F-B5AA-F290DBD01949}.Release|x86.ActiveCfg = Release|Any CPU
		{B338520A-17B6-4D7F-B5AA-F290DBD01949}.Release|x86.Build.0 = Release|Any CPU
		{0D22B6D9-D0D1-466C-A07F-D6EBCCB17B4E}.Debug|Any CPU.ActiveCfg = Debug|Any CPU
		{0D22B6D9-D0D1-466C-A07F-D6EBCCB17B4E}.Debug|Any CPU.Build.0 = Debug|Any CPU
		{0D22B6D9-D0D1-466C-A07F-D6EBCCB17B4E}.Debug|ARM64.ActiveCfg = Debug|Any CPU
		{0D22B6D9-D0D1-466C-A07F-D6EBCCB17B4E}.Debug|ARM64.Build.0 = Debug|Any CPU
		{0D22B6D9-D0D1-466C-A07F-D6EBCCB17B4E}.Debug|x64.ActiveCfg = Debug|Any CPU
		{0D22B6D9-D0D1-466C-A07F-D6EBCCB17B4E}.Debug|x64.Build.0 = Debug|Any CPU
		{0D22B6D9-D0D1-466C-A07F-D6EBCCB17B4E}.Debug|x86.ActiveCfg = Debug|Any CPU
		{0D22B6D9-D0D1-466C-A07F-D6EBCCB17B4E}.Debug|x86.Build.0 = Debug|Any CPU
		{0D22B6D9-D0D1-466C-A07F-D6EBCCB17B4E}.Release|Any CPU.ActiveCfg = Release|Any CPU
		{0D22B6D9-D0D1-466C-A07F-D6EBCCB17B4E}.Release|Any CPU.Build.0 = Release|Any CPU
		{0D22B6D9-D0D1-466C-A07F-D6EBCCB17B4E}.Release|ARM64.ActiveCfg = Release|Any CPU
		{0D22B6D9-D0D1-466C-A07F-D6EBCCB17B4E}.Release|ARM64.Build.0 = Release|Any CPU
		{0D22B6D9-D0D1-466C-A07F-D6EBCCB17B4E}.Release|x64.ActiveCfg = Release|Any CPU
		{0D22B6D9-D0D1-466C-A07F-D6EBCCB17B4E}.Release|x64.Build.0 = Release|Any CPU
		{0D22B6D9-D0D1-466C-A07F-D6EBCCB17B4E}.Release|x86.ActiveCfg = Release|Any CPU
		{0D22B6D9-D0D1-466C-A07F-D6EBCCB17B4E}.Release|x86.Build.0 = Release|Any CPU
		{821EDCAA-4380-4563-AF13-F132F7800B2E}.Debug|Any CPU.ActiveCfg = Debug|Any CPU
		{821EDCAA-4380-4563-AF13-F132F7800B2E}.Debug|Any CPU.Build.0 = Debug|Any CPU
		{821EDCAA-4380-4563-AF13-F132F7800B2E}.Debug|ARM64.ActiveCfg = Debug|Any CPU
		{821EDCAA-4380-4563-AF13-F132F7800B2E}.Debug|ARM64.Build.0 = Debug|Any CPU
		{821EDCAA-4380-4563-AF13-F132F7800B2E}.Debug|x64.ActiveCfg = Debug|Any CPU
		{821EDCAA-4380-4563-AF13-F132F7800B2E}.Debug|x64.Build.0 = Debug|Any CPU
		{821EDCAA-4380-4563-AF13-F132F7800B2E}.Debug|x86.ActiveCfg = Debug|Any CPU
		{821EDCAA-4380-4563-AF13-F132F7800B2E}.Debug|x86.Build.0 = Debug|Any CPU
		{821EDCAA-4380-4563-AF13-F132F7800B2E}.Release|Any CPU.ActiveCfg = Release|Any CPU
		{821EDCAA-4380-4563-AF13-F132F7800B2E}.Release|Any CPU.Build.0 = Release|Any CPU
		{821EDCAA-4380-4563-AF13-F132F7800B2E}.Release|ARM64.ActiveCfg = Release|Any CPU
		{821EDCAA-4380-4563-AF13-F132F7800B2E}.Release|ARM64.Build.0 = Release|Any CPU
		{821EDCAA-4380-4563-AF13-F132F7800B2E}.Release|x64.ActiveCfg = Release|Any CPU
		{821EDCAA-4380-4563-AF13-F132F7800B2E}.Release|x64.Build.0 = Release|Any CPU
		{821EDCAA-4380-4563-AF13-F132F7800B2E}.Release|x86.ActiveCfg = Release|Any CPU
		{821EDCAA-4380-4563-AF13-F132F7800B2E}.Release|x86.Build.0 = Release|Any CPU
		{0AFFBB05-1AC9-4C95-9A89-E1574814A016}.Debug|Any CPU.ActiveCfg = Debug|Any CPU
		{0AFFBB05-1AC9-4C95-9A89-E1574814A016}.Debug|Any CPU.Build.0 = Debug|Any CPU
		{0AFFBB05-1AC9-4C95-9A89-E1574814A016}.Debug|ARM64.ActiveCfg = Debug|Any CPU
		{0AFFBB05-1AC9-4C95-9A89-E1574814A016}.Debug|ARM64.Build.0 = Debug|Any CPU
		{0AFFBB05-1AC9-4C95-9A89-E1574814A016}.Debug|x64.ActiveCfg = Debug|Any CPU
		{0AFFBB05-1AC9-4C95-9A89-E1574814A016}.Debug|x64.Build.0 = Debug|Any CPU
		{0AFFBB05-1AC9-4C95-9A89-E1574814A016}.Debug|x86.ActiveCfg = Debug|Any CPU
		{0AFFBB05-1AC9-4C95-9A89-E1574814A016}.Debug|x86.Build.0 = Debug|Any CPU
		{0AFFBB05-1AC9-4C95-9A89-E1574814A016}.Release|Any CPU.ActiveCfg = Release|Any CPU
		{0AFFBB05-1AC9-4C95-9A89-E1574814A016}.Release|Any CPU.Build.0 = Release|Any CPU
		{0AFFBB05-1AC9-4C95-9A89-E1574814A016}.Release|ARM64.ActiveCfg = Release|Any CPU
		{0AFFBB05-1AC9-4C95-9A89-E1574814A016}.Release|ARM64.Build.0 = Release|Any CPU
		{0AFFBB05-1AC9-4C95-9A89-E1574814A016}.Release|x64.ActiveCfg = Release|Any CPU
		{0AFFBB05-1AC9-4C95-9A89-E1574814A016}.Release|x64.Build.0 = Release|Any CPU
		{0AFFBB05-1AC9-4C95-9A89-E1574814A016}.Release|x86.ActiveCfg = Release|Any CPU
		{0AFFBB05-1AC9-4C95-9A89-E1574814A016}.Release|x86.Build.0 = Release|Any CPU
		{8E25214E-9248-4FDF-9FED-F50C5DC3504D}.Debug|Any CPU.ActiveCfg = Debug|Any CPU
		{8E25214E-9248-4FDF-9FED-F50C5DC3504D}.Debug|Any CPU.Build.0 = Debug|Any CPU
		{8E25214E-9248-4FDF-9FED-F50C5DC3504D}.Debug|ARM64.ActiveCfg = Debug|Any CPU
		{8E25214E-9248-4FDF-9FED-F50C5DC3504D}.Debug|ARM64.Build.0 = Debug|Any CPU
		{8E25214E-9248-4FDF-9FED-F50C5DC3504D}.Debug|x64.ActiveCfg = Debug|Any CPU
		{8E25214E-9248-4FDF-9FED-F50C5DC3504D}.Debug|x64.Build.0 = Debug|Any CPU
		{8E25214E-9248-4FDF-9FED-F50C5DC3504D}.Debug|x86.ActiveCfg = Debug|Any CPU
		{8E25214E-9248-4FDF-9FED-F50C5DC3504D}.Debug|x86.Build.0 = Debug|Any CPU
		{8E25214E-9248-4FDF-9FED-F50C5DC3504D}.Release|Any CPU.ActiveCfg = Release|Any CPU
		{8E25214E-9248-4FDF-9FED-F50C5DC3504D}.Release|Any CPU.Build.0 = Release|Any CPU
		{8E25214E-9248-4FDF-9FED-F50C5DC3504D}.Release|ARM64.ActiveCfg = Release|Any CPU
		{8E25214E-9248-4FDF-9FED-F50C5DC3504D}.Release|ARM64.Build.0 = Release|Any CPU
		{8E25214E-9248-4FDF-9FED-F50C5DC3504D}.Release|x64.ActiveCfg = Release|Any CPU
		{8E25214E-9248-4FDF-9FED-F50C5DC3504D}.Release|x64.Build.0 = Release|Any CPU
		{8E25214E-9248-4FDF-9FED-F50C5DC3504D}.Release|x86.ActiveCfg = Release|Any CPU
		{8E25214E-9248-4FDF-9FED-F50C5DC3504D}.Release|x86.Build.0 = Release|Any CPU
		{94746227-446B-40ED-8D6D-6E7F99B78057}.Debug|Any CPU.ActiveCfg = Debug|x64
		{94746227-446B-40ED-8D6D-6E7F99B78057}.Debug|Any CPU.Build.0 = Debug|x64
		{94746227-446B-40ED-8D6D-6E7F99B78057}.Debug|Any CPU.Deploy.0 = Debug|x64
		{94746227-446B-40ED-8D6D-6E7F99B78057}.Debug|ARM64.ActiveCfg = Debug|ARM64
		{94746227-446B-40ED-8D6D-6E7F99B78057}.Debug|ARM64.Build.0 = Debug|ARM64
		{94746227-446B-40ED-8D6D-6E7F99B78057}.Debug|ARM64.Deploy.0 = Debug|ARM64
		{94746227-446B-40ED-8D6D-6E7F99B78057}.Debug|x64.ActiveCfg = Debug|x64
		{94746227-446B-40ED-8D6D-6E7F99B78057}.Debug|x64.Build.0 = Debug|x64
		{94746227-446B-40ED-8D6D-6E7F99B78057}.Debug|x64.Deploy.0 = Debug|x64
		{94746227-446B-40ED-8D6D-6E7F99B78057}.Debug|x86.ActiveCfg = Debug|x86
		{94746227-446B-40ED-8D6D-6E7F99B78057}.Debug|x86.Build.0 = Debug|x86
		{94746227-446B-40ED-8D6D-6E7F99B78057}.Debug|x86.Deploy.0 = Debug|x86
		{94746227-446B-40ED-8D6D-6E7F99B78057}.Release|Any CPU.ActiveCfg = Release|x64
		{94746227-446B-40ED-8D6D-6E7F99B78057}.Release|Any CPU.Build.0 = Release|x64
		{94746227-446B-40ED-8D6D-6E7F99B78057}.Release|Any CPU.Deploy.0 = Release|x64
		{94746227-446B-40ED-8D6D-6E7F99B78057}.Release|ARM64.ActiveCfg = Release|ARM64
		{94746227-446B-40ED-8D6D-6E7F99B78057}.Release|ARM64.Build.0 = Release|ARM64
		{94746227-446B-40ED-8D6D-6E7F99B78057}.Release|ARM64.Deploy.0 = Release|ARM64
		{94746227-446B-40ED-8D6D-6E7F99B78057}.Release|x64.ActiveCfg = Release|x64
		{94746227-446B-40ED-8D6D-6E7F99B78057}.Release|x64.Build.0 = Release|x64
		{94746227-446B-40ED-8D6D-6E7F99B78057}.Release|x64.Deploy.0 = Release|x64
		{94746227-446B-40ED-8D6D-6E7F99B78057}.Release|x86.ActiveCfg = Release|x86
		{94746227-446B-40ED-8D6D-6E7F99B78057}.Release|x86.Build.0 = Release|x86
		{94746227-446B-40ED-8D6D-6E7F99B78057}.Release|x86.Deploy.0 = Release|x86
	EndGlobalSection
	GlobalSection(SolutionProperties) = preSolution
		HideSolutionNode = FALSE
	EndGlobalSection
	GlobalSection(NestedProjects) = preSolution
		{EBDF0EF3-3435-418A-8233-AF8606624F62} = {6808BDD2-C188-4ED8-89F7-51797F8F2F6B}
		{33C2A734-4EF9-47A9-91A0-ED64E04C001D} = {DAD30E4E-142A-458E-BC22-84BE6D00026B}
		{B338520A-17B6-4D7F-B5AA-F290DBD01949} = {6808BDD2-C188-4ED8-89F7-51797F8F2F6B}
		{0D22B6D9-D0D1-466C-A07F-D6EBCCB17B4E} = {6808BDD2-C188-4ED8-89F7-51797F8F2F6B}
		{821EDCAA-4380-4563-AF13-F132F7800B2E} = {6808BDD2-C188-4ED8-89F7-51797F8F2F6B}
		{8E25214E-9248-4FDF-9FED-F50C5DC3504D} = {6808BDD2-C188-4ED8-89F7-51797F8F2F6B}
		{94746227-446B-40ED-8D6D-6E7F99B78057} = {DAD30E4E-142A-458E-BC22-84BE6D00026B}
	EndGlobalSection
	GlobalSection(ExtensibilityGlobals) = postSolution
		SolutionGuid = {1D0A0BA2-7F26-4383-B1C6-551D64655A68}
	EndGlobalSection
EndGlobal
