
Microsoft Visual Studio Solution File, Format Version 12.00
# Visual Studio Version 17
VisualStudioVersion = 17.1.32328.378
MinimumVisualStudioVersion = 10.0.40219.1
Project("{9A19103F-16F7-4668-BE54-9A1E7A4F7556}") = "J4JMapControl", "J4JMapControl\J4JMapControl.csproj", "{8CDD50A1-E5B2-4D15-8DDC-2086D86BFB32}"
EndProject
Project("{2150E333-8FDC-42A3-9474-1A3956D46DE8}") = "externals", "externals", "{5F2111DC-F064-450F-A72B-234864BAA5FB}"
EndProject
Project("{9A19103F-16F7-4668-BE54-9A1E7A4F7556}") = "J4JLogging", "..\J4JLogging\J4JLogging\J4JLogging.csproj", "{500A6950-8512-4F8A-B2D4-383D0A0A9C71}"
EndProject
Project("{9A19103F-16F7-4668-BE54-9A1E7A4F7556}") = "MapLibrary", "MapLibrary\MapLibrary.csproj", "{C23B9C7C-FCDF-4EA3-94CD-E2088DC1D430}"
EndProject
Project("{9A19103F-16F7-4668-BE54-9A1E7A4F7556}") = "MapLibraryWinApp", "MapLibraryWinApp\MapLibraryWinApp.csproj", "{FCE35171-B72C-49E9-B6AE-36EC1EEA7C84}"
EndProject
Project("{FAE04EC0-301F-11D3-BF4B-00C04F79EFBC}") = "Test.MapLibraryWinApp", "Test.MapLibraryWinApp\Test.MapLibraryWinApp.csproj", "{F092D576-C716-4068-9247-3277A8720660}"
EndProject
Project("{9A19103F-16F7-4668-BE54-9A1E7A4F7556}") = "WindowsAppUtilities", "..\ProgrammingUtilities\WindowsAppUtilities\WindowsAppUtilities.csproj", "{ED8C2EE6-F310-4704-8520-6746449643C1}"
EndProject
Project("{9A19103F-16F7-4668-BE54-9A1E7A4F7556}") = "DeusEx", "..\ProgrammingUtilities\DeusEx\DeusEx.csproj", "{5EC11770-62AC-48B2-95C6-32A3EF67B1D2}"
EndProject
Global
	GlobalSection(SolutionConfigurationPlatforms) = preSolution
		Debug|Any CPU = Debug|Any CPU
		Debug|arm64 = Debug|arm64
		Debug|x64 = Debug|x64
		Debug|x86 = Debug|x86
		Release|Any CPU = Release|Any CPU
		Release|arm64 = Release|arm64
		Release|x64 = Release|x64
		Release|x86 = Release|x86
	EndGlobalSection
	GlobalSection(ProjectConfigurationPlatforms) = postSolution
		{8CDD50A1-E5B2-4D15-8DDC-2086D86BFB32}.Debug|Any CPU.ActiveCfg = Debug|Any CPU
		{8CDD50A1-E5B2-4D15-8DDC-2086D86BFB32}.Debug|Any CPU.Build.0 = Debug|Any CPU
		{8CDD50A1-E5B2-4D15-8DDC-2086D86BFB32}.Debug|arm64.ActiveCfg = Debug|Any CPU
		{8CDD50A1-E5B2-4D15-8DDC-2086D86BFB32}.Debug|arm64.Build.0 = Debug|Any CPU
		{8CDD50A1-E5B2-4D15-8DDC-2086D86BFB32}.Debug|x64.ActiveCfg = Debug|Any CPU
		{8CDD50A1-E5B2-4D15-8DDC-2086D86BFB32}.Debug|x64.Build.0 = Debug|Any CPU
		{8CDD50A1-E5B2-4D15-8DDC-2086D86BFB32}.Debug|x86.ActiveCfg = Debug|Any CPU
		{8CDD50A1-E5B2-4D15-8DDC-2086D86BFB32}.Debug|x86.Build.0 = Debug|Any CPU
		{8CDD50A1-E5B2-4D15-8DDC-2086D86BFB32}.Release|Any CPU.ActiveCfg = Release|Any CPU
		{8CDD50A1-E5B2-4D15-8DDC-2086D86BFB32}.Release|Any CPU.Build.0 = Release|Any CPU
		{8CDD50A1-E5B2-4D15-8DDC-2086D86BFB32}.Release|arm64.ActiveCfg = Release|Any CPU
		{8CDD50A1-E5B2-4D15-8DDC-2086D86BFB32}.Release|arm64.Build.0 = Release|Any CPU
		{8CDD50A1-E5B2-4D15-8DDC-2086D86BFB32}.Release|x64.ActiveCfg = Release|Any CPU
		{8CDD50A1-E5B2-4D15-8DDC-2086D86BFB32}.Release|x64.Build.0 = Release|Any CPU
		{8CDD50A1-E5B2-4D15-8DDC-2086D86BFB32}.Release|x86.ActiveCfg = Release|Any CPU
		{8CDD50A1-E5B2-4D15-8DDC-2086D86BFB32}.Release|x86.Build.0 = Release|Any CPU
		{500A6950-8512-4F8A-B2D4-383D0A0A9C71}.Debug|Any CPU.ActiveCfg = Debug|Any CPU
		{500A6950-8512-4F8A-B2D4-383D0A0A9C71}.Debug|Any CPU.Build.0 = Debug|Any CPU
		{500A6950-8512-4F8A-B2D4-383D0A0A9C71}.Debug|arm64.ActiveCfg = Debug|Any CPU
		{500A6950-8512-4F8A-B2D4-383D0A0A9C71}.Debug|arm64.Build.0 = Debug|Any CPU
		{500A6950-8512-4F8A-B2D4-383D0A0A9C71}.Debug|x64.ActiveCfg = Debug|Any CPU
		{500A6950-8512-4F8A-B2D4-383D0A0A9C71}.Debug|x64.Build.0 = Debug|Any CPU
		{500A6950-8512-4F8A-B2D4-383D0A0A9C71}.Debug|x86.ActiveCfg = Debug|Any CPU
		{500A6950-8512-4F8A-B2D4-383D0A0A9C71}.Debug|x86.Build.0 = Debug|Any CPU
		{500A6950-8512-4F8A-B2D4-383D0A0A9C71}.Release|Any CPU.ActiveCfg = Release|Any CPU
		{500A6950-8512-4F8A-B2D4-383D0A0A9C71}.Release|Any CPU.Build.0 = Release|Any CPU
		{500A6950-8512-4F8A-B2D4-383D0A0A9C71}.Release|arm64.ActiveCfg = Release|Any CPU
		{500A6950-8512-4F8A-B2D4-383D0A0A9C71}.Release|arm64.Build.0 = Release|Any CPU
		{500A6950-8512-4F8A-B2D4-383D0A0A9C71}.Release|x64.ActiveCfg = Release|Any CPU
		{500A6950-8512-4F8A-B2D4-383D0A0A9C71}.Release|x64.Build.0 = Release|Any CPU
		{500A6950-8512-4F8A-B2D4-383D0A0A9C71}.Release|x86.ActiveCfg = Release|Any CPU
		{500A6950-8512-4F8A-B2D4-383D0A0A9C71}.Release|x86.Build.0 = Release|Any CPU
		{C23B9C7C-FCDF-4EA3-94CD-E2088DC1D430}.Debug|Any CPU.ActiveCfg = Debug|Any CPU
		{C23B9C7C-FCDF-4EA3-94CD-E2088DC1D430}.Debug|Any CPU.Build.0 = Debug|Any CPU
		{C23B9C7C-FCDF-4EA3-94CD-E2088DC1D430}.Debug|arm64.ActiveCfg = Debug|Any CPU
		{C23B9C7C-FCDF-4EA3-94CD-E2088DC1D430}.Debug|arm64.Build.0 = Debug|Any CPU
		{C23B9C7C-FCDF-4EA3-94CD-E2088DC1D430}.Debug|x64.ActiveCfg = Debug|Any CPU
		{C23B9C7C-FCDF-4EA3-94CD-E2088DC1D430}.Debug|x64.Build.0 = Debug|Any CPU
		{C23B9C7C-FCDF-4EA3-94CD-E2088DC1D430}.Debug|x86.ActiveCfg = Debug|Any CPU
		{C23B9C7C-FCDF-4EA3-94CD-E2088DC1D430}.Debug|x86.Build.0 = Debug|Any CPU
		{C23B9C7C-FCDF-4EA3-94CD-E2088DC1D430}.Release|Any CPU.ActiveCfg = Release|Any CPU
		{C23B9C7C-FCDF-4EA3-94CD-E2088DC1D430}.Release|Any CPU.Build.0 = Release|Any CPU
		{C23B9C7C-FCDF-4EA3-94CD-E2088DC1D430}.Release|arm64.ActiveCfg = Release|Any CPU
		{C23B9C7C-FCDF-4EA3-94CD-E2088DC1D430}.Release|arm64.Build.0 = Release|Any CPU
		{C23B9C7C-FCDF-4EA3-94CD-E2088DC1D430}.Release|x64.ActiveCfg = Release|Any CPU
		{C23B9C7C-FCDF-4EA3-94CD-E2088DC1D430}.Release|x64.Build.0 = Release|Any CPU
		{C23B9C7C-FCDF-4EA3-94CD-E2088DC1D430}.Release|x86.ActiveCfg = Release|Any CPU
		{C23B9C7C-FCDF-4EA3-94CD-E2088DC1D430}.Release|x86.Build.0 = Release|Any CPU
		{FCE35171-B72C-49E9-B6AE-36EC1EEA7C84}.Debug|Any CPU.ActiveCfg = Debug|Any CPU
		{FCE35171-B72C-49E9-B6AE-36EC1EEA7C84}.Debug|Any CPU.Build.0 = Debug|Any CPU
		{FCE35171-B72C-49E9-B6AE-36EC1EEA7C84}.Debug|arm64.ActiveCfg = Debug|Any CPU
		{FCE35171-B72C-49E9-B6AE-36EC1EEA7C84}.Debug|arm64.Build.0 = Debug|Any CPU
		{FCE35171-B72C-49E9-B6AE-36EC1EEA7C84}.Debug|x64.ActiveCfg = Debug|Any CPU
		{FCE35171-B72C-49E9-B6AE-36EC1EEA7C84}.Debug|x64.Build.0 = Debug|Any CPU
		{FCE35171-B72C-49E9-B6AE-36EC1EEA7C84}.Debug|x86.ActiveCfg = Debug|Any CPU
		{FCE35171-B72C-49E9-B6AE-36EC1EEA7C84}.Debug|x86.Build.0 = Debug|Any CPU
		{FCE35171-B72C-49E9-B6AE-36EC1EEA7C84}.Release|Any CPU.ActiveCfg = Release|Any CPU
		{FCE35171-B72C-49E9-B6AE-36EC1EEA7C84}.Release|Any CPU.Build.0 = Release|Any CPU
		{FCE35171-B72C-49E9-B6AE-36EC1EEA7C84}.Release|arm64.ActiveCfg = Release|Any CPU
		{FCE35171-B72C-49E9-B6AE-36EC1EEA7C84}.Release|arm64.Build.0 = Release|Any CPU
		{FCE35171-B72C-49E9-B6AE-36EC1EEA7C84}.Release|x64.ActiveCfg = Release|Any CPU
		{FCE35171-B72C-49E9-B6AE-36EC1EEA7C84}.Release|x64.Build.0 = Release|Any CPU
		{FCE35171-B72C-49E9-B6AE-36EC1EEA7C84}.Release|x86.ActiveCfg = Release|Any CPU
		{FCE35171-B72C-49E9-B6AE-36EC1EEA7C84}.Release|x86.Build.0 = Release|Any CPU
		{F092D576-C716-4068-9247-3277A8720660}.Debug|Any CPU.ActiveCfg = Debug|x64
		{F092D576-C716-4068-9247-3277A8720660}.Debug|Any CPU.Build.0 = Debug|x64
		{F092D576-C716-4068-9247-3277A8720660}.Debug|Any CPU.Deploy.0 = Debug|x64
		{F092D576-C716-4068-9247-3277A8720660}.Debug|arm64.ActiveCfg = Debug|arm64
		{F092D576-C716-4068-9247-3277A8720660}.Debug|arm64.Build.0 = Debug|arm64
		{F092D576-C716-4068-9247-3277A8720660}.Debug|arm64.Deploy.0 = Debug|arm64
		{F092D576-C716-4068-9247-3277A8720660}.Debug|x64.ActiveCfg = Debug|x64
		{F092D576-C716-4068-9247-3277A8720660}.Debug|x64.Build.0 = Debug|x64
		{F092D576-C716-4068-9247-3277A8720660}.Debug|x64.Deploy.0 = Debug|x64
		{F092D576-C716-4068-9247-3277A8720660}.Debug|x86.ActiveCfg = Debug|x86
		{F092D576-C716-4068-9247-3277A8720660}.Debug|x86.Build.0 = Debug|x86
		{F092D576-C716-4068-9247-3277A8720660}.Debug|x86.Deploy.0 = Debug|x86
		{F092D576-C716-4068-9247-3277A8720660}.Release|Any CPU.ActiveCfg = Release|x64
		{F092D576-C716-4068-9247-3277A8720660}.Release|Any CPU.Build.0 = Release|x64
		{F092D576-C716-4068-9247-3277A8720660}.Release|Any CPU.Deploy.0 = Release|x64
		{F092D576-C716-4068-9247-3277A8720660}.Release|arm64.ActiveCfg = Release|arm64
		{F092D576-C716-4068-9247-3277A8720660}.Release|arm64.Build.0 = Release|arm64
		{F092D576-C716-4068-9247-3277A8720660}.Release|arm64.Deploy.0 = Release|arm64
		{F092D576-C716-4068-9247-3277A8720660}.Release|x64.ActiveCfg = Release|x64
		{F092D576-C716-4068-9247-3277A8720660}.Release|x64.Build.0 = Release|x64
		{F092D576-C716-4068-9247-3277A8720660}.Release|x64.Deploy.0 = Release|x64
		{F092D576-C716-4068-9247-3277A8720660}.Release|x86.ActiveCfg = Release|x86
		{F092D576-C716-4068-9247-3277A8720660}.Release|x86.Build.0 = Release|x86
		{F092D576-C716-4068-9247-3277A8720660}.Release|x86.Deploy.0 = Release|x86
		{ED8C2EE6-F310-4704-8520-6746449643C1}.Debug|Any CPU.ActiveCfg = Debug|Any CPU
		{ED8C2EE6-F310-4704-8520-6746449643C1}.Debug|Any CPU.Build.0 = Debug|Any CPU
		{ED8C2EE6-F310-4704-8520-6746449643C1}.Debug|arm64.ActiveCfg = Debug|Any CPU
		{ED8C2EE6-F310-4704-8520-6746449643C1}.Debug|arm64.Build.0 = Debug|Any CPU
		{ED8C2EE6-F310-4704-8520-6746449643C1}.Debug|x64.ActiveCfg = Debug|Any CPU
		{ED8C2EE6-F310-4704-8520-6746449643C1}.Debug|x64.Build.0 = Debug|Any CPU
		{ED8C2EE6-F310-4704-8520-6746449643C1}.Debug|x86.ActiveCfg = Debug|Any CPU
		{ED8C2EE6-F310-4704-8520-6746449643C1}.Debug|x86.Build.0 = Debug|Any CPU
		{ED8C2EE6-F310-4704-8520-6746449643C1}.Release|Any CPU.ActiveCfg = Release|Any CPU
		{ED8C2EE6-F310-4704-8520-6746449643C1}.Release|Any CPU.Build.0 = Release|Any CPU
		{ED8C2EE6-F310-4704-8520-6746449643C1}.Release|arm64.ActiveCfg = Release|Any CPU
		{ED8C2EE6-F310-4704-8520-6746449643C1}.Release|arm64.Build.0 = Release|Any CPU
		{ED8C2EE6-F310-4704-8520-6746449643C1}.Release|x64.ActiveCfg = Release|Any CPU
		{ED8C2EE6-F310-4704-8520-6746449643C1}.Release|x64.Build.0 = Release|Any CPU
		{ED8C2EE6-F310-4704-8520-6746449643C1}.Release|x86.ActiveCfg = Release|Any CPU
		{ED8C2EE6-F310-4704-8520-6746449643C1}.Release|x86.Build.0 = Release|Any CPU
		{5EC11770-62AC-48B2-95C6-32A3EF67B1D2}.Debug|Any CPU.ActiveCfg = Debug|Any CPU
		{5EC11770-62AC-48B2-95C6-32A3EF67B1D2}.Debug|Any CPU.Build.0 = Debug|Any CPU
		{5EC11770-62AC-48B2-95C6-32A3EF67B1D2}.Debug|arm64.ActiveCfg = Debug|Any CPU
		{5EC11770-62AC-48B2-95C6-32A3EF67B1D2}.Debug|arm64.Build.0 = Debug|Any CPU
		{5EC11770-62AC-48B2-95C6-32A3EF67B1D2}.Debug|x64.ActiveCfg = Debug|Any CPU
		{5EC11770-62AC-48B2-95C6-32A3EF67B1D2}.Debug|x64.Build.0 = Debug|Any CPU
		{5EC11770-62AC-48B2-95C6-32A3EF67B1D2}.Debug|x86.ActiveCfg = Debug|Any CPU
		{5EC11770-62AC-48B2-95C6-32A3EF67B1D2}.Debug|x86.Build.0 = Debug|Any CPU
		{5EC11770-62AC-48B2-95C6-32A3EF67B1D2}.Release|Any CPU.ActiveCfg = Release|Any CPU
		{5EC11770-62AC-48B2-95C6-32A3EF67B1D2}.Release|Any CPU.Build.0 = Release|Any CPU
		{5EC11770-62AC-48B2-95C6-32A3EF67B1D2}.Release|arm64.ActiveCfg = Release|Any CPU
		{5EC11770-62AC-48B2-95C6-32A3EF67B1D2}.Release|arm64.Build.0 = Release|Any CPU
		{5EC11770-62AC-48B2-95C6-32A3EF67B1D2}.Release|x64.ActiveCfg = Release|Any CPU
		{5EC11770-62AC-48B2-95C6-32A3EF67B1D2}.Release|x64.Build.0 = Release|Any CPU
		{5EC11770-62AC-48B2-95C6-32A3EF67B1D2}.Release|x86.ActiveCfg = Release|Any CPU
		{5EC11770-62AC-48B2-95C6-32A3EF67B1D2}.Release|x86.Build.0 = Release|Any CPU
	EndGlobalSection
	GlobalSection(SolutionProperties) = preSolution
		HideSolutionNode = FALSE
	EndGlobalSection
	GlobalSection(NestedProjects) = preSolution
		{500A6950-8512-4F8A-B2D4-383D0A0A9C71} = {5F2111DC-F064-450F-A72B-234864BAA5FB}
		{ED8C2EE6-F310-4704-8520-6746449643C1} = {5F2111DC-F064-450F-A72B-234864BAA5FB}
		{5EC11770-62AC-48B2-95C6-32A3EF67B1D2} = {5F2111DC-F064-450F-A72B-234864BAA5FB}
	EndGlobalSection
	GlobalSection(ExtensibilityGlobals) = postSolution
		SolutionGuid = {C9712D49-C067-47D1-B986-7DC822E247FB}
	EndGlobalSection
EndGlobal
